
Microsoft Visual Studio Solution File, Format Version 12.00
# Visual Studio Version 17
VisualStudioVersion = 17.5.33627.172
MinimumVisualStudioVersion = 10.0.40219.1
Project("{2150E333-8FDC-42A3-9474-1A3956D46DE8}") = "RabbitMq_Code", "RabbitMq_Code", "{C8B3F26C-BD58-4246-83BB-2AE3B2515E87}"
EndProject
Project("{2150E333-8FDC-42A3-9474-1A3956D46DE8}") = "Consoles", "Consoles", "{706DEC09-A73A-4416-B461-3F9C465CF50C}"
EndProject
Project("{FAE04EC0-301F-11D3-BF4B-00C04F79EFBC}") = "ConsoleApp.Producer", "RabbitMq_Code\Consoles\ConsoleApp.Producer\ConsoleApp.Producer.csproj", "{284250D9-2AFA-48F1-9673-BA6F3B7CE0B7}"
EndProject
Project("{FAE04EC0-301F-11D3-BF4B-00C04F79EFBC}") = "ConsoleApp.Consumer", "RabbitMq_Code\Consoles\ConsoleApp.Consumer\ConsoleApp.Consumer.csproj", "{2ACC4DF2-02CC-4C40-907D-6F9E939B6D36}"
EndProject
Project("{2150E333-8FDC-42A3-9474-1A3956D46DE8}") = "MediatorR_Code", "MediatorR_Code", "{02EA681E-C7D8-13C7-8484-4AC65E1B71E8}"
EndProject
Project("{2150E333-8FDC-42A3-9474-1A3956D46DE8}") = "ConsoleApp", "ConsoleApp", "{A9E1600E-64B9-4A0D-84C4-689146D55748}"
EndProject
Project("{FAE04EC0-301F-11D3-BF4B-00C04F79EFBC}") = "MediatorR_Code.ConsoleApp", "MediatorR_Code\ConsoleApp\MediatorR_Code.Console\MediatorR_Code.ConsoleApp.csproj", "{897934E6-7E9C-4EC2-9E1F-0283FDF3F5AE}"
EndProject
Project("{2150E333-8FDC-42A3-9474-1A3956D46DE8}") = "CustomBus_Code", "CustomBus_Code", "{6D90B977-DD00-4AE3-8195-472CD6EE055D}"
EndProject
Project("{FAE04EC0-301F-11D3-BF4B-00C04F79EFBC}") = "CustomBuss.ConsoleApp", "CustomBus_Code\CustomBuss.ConsoleApp\CustomBuss.ConsoleApp.csproj", "{992D1B9B-E6FC-4AF6-B1E9-6F497F032A8B}"
EndProject
Project("{2150E333-8FDC-42A3-9474-1A3956D46DE8}") = "NServiceBus_Code", "NServiceBus_Code", "{23791D1C-D5C2-4759-9F93-A3FA8F836BAD}"
EndProject
Project("{FAE04EC0-301F-11D3-BF4B-00C04F79EFBC}") = "Contracts", "NServiceBus_Code\Contracts\Contracts.csproj", "{158D8574-BE07-4FD6-8DE2-8092BEFFFAA1}"
EndProject
Project("{FAE04EC0-301F-11D3-BF4B-00C04F79EFBC}") = "Sender", "NServiceBus_Code\Sender\Sender.csproj", "{BCD19A86-B2CC-4141-B49E-2660F87A61FB}"
EndProject
Project("{FAE04EC0-301F-11D3-BF4B-00C04F79EFBC}") = "ReveiverApp", "NServiceBus_Code\ConsoleApp1\ReveiverApp.csproj", "{45F8881C-CF9F-4106-93FE-2BE15C275AA6}"
EndProject
Global
	GlobalSection(SolutionConfigurationPlatforms) = preSolution
		Debug|Any CPU = Debug|Any CPU
		Release|Any CPU = Release|Any CPU
	EndGlobalSection
	GlobalSection(ProjectConfigurationPlatforms) = postSolution
		{284250D9-2AFA-48F1-9673-BA6F3B7CE0B7}.Debug|Any CPU.ActiveCfg = Debug|Any CPU
		{284250D9-2AFA-48F1-9673-BA6F3B7CE0B7}.Debug|Any CPU.Build.0 = Debug|Any CPU
		{284250D9-2AFA-48F1-9673-BA6F3B7CE0B7}.Release|Any CPU.ActiveCfg = Release|Any CPU
		{284250D9-2AFA-48F1-9673-BA6F3B7CE0B7}.Release|Any CPU.Build.0 = Release|Any CPU
		{2ACC4DF2-02CC-4C40-907D-6F9E939B6D36}.Debug|Any CPU.ActiveCfg = Debug|Any CPU
		{2ACC4DF2-02CC-4C40-907D-6F9E939B6D36}.Debug|Any CPU.Build.0 = Debug|Any CPU
		{2ACC4DF2-02CC-4C40-907D-6F9E939B6D36}.Release|Any CPU.ActiveCfg = Release|Any CPU
		{2ACC4DF2-02CC-4C40-907D-6F9E939B6D36}.Release|Any CPU.Build.0 = Release|Any CPU
		{897934E6-7E9C-4EC2-9E1F-0283FDF3F5AE}.Debug|Any CPU.ActiveCfg = Debug|Any CPU
		{897934E6-7E9C-4EC2-9E1F-0283FDF3F5AE}.Debug|Any CPU.Build.0 = Debug|Any CPU
		{897934E6-7E9C-4EC2-9E1F-0283FDF3F5AE}.Release|Any CPU.ActiveCfg = Release|Any CPU
		{897934E6-7E9C-4EC2-9E1F-0283FDF3F5AE}.Release|Any CPU.Build.0 = Release|Any CPU
		{992D1B9B-E6FC-4AF6-B1E9-6F497F032A8B}.Debug|Any CPU.ActiveCfg = Debug|Any CPU
		{992D1B9B-E6FC-4AF6-B1E9-6F497F032A8B}.Debug|Any CPU.Build.0 = Debug|Any CPU
		{992D1B9B-E6FC-4AF6-B1E9-6F497F032A8B}.Release|Any CPU.ActiveCfg = Release|Any CPU
		{992D1B9B-E6FC-4AF6-B1E9-6F497F032A8B}.Release|Any CPU.Build.0 = Release|Any CPU
		{158D8574-BE07-4FD6-8DE2-8092BEFFFAA1}.Debug|Any CPU.ActiveCfg = Debug|Any CPU
		{158D8574-BE07-4FD6-8DE2-8092BEFFFAA1}.Debug|Any CPU.Build.0 = Debug|Any CPU
		{158D8574-BE07-4FD6-8DE2-8092BEFFFAA1}.Release|Any CPU.ActiveCfg = Release|Any CPU
		{158D8574-BE07-4FD6-8DE2-8092BEFFFAA1}.Release|Any CPU.Build.0 = Release|Any CPU
		{BCD19A86-B2CC-4141-B49E-2660F87A61FB}.Debug|Any CPU.ActiveCfg = Debug|Any CPU
		{BCD19A86-B2CC-4141-B49E-2660F87A61FB}.Debug|Any CPU.Build.0 = Debug|Any CPU
		{BCD19A86-B2CC-4141-B49E-2660F87A61FB}.Release|Any CPU.ActiveCfg = Release|Any CPU
		{BCD19A86-B2CC-4141-B49E-2660F87A61FB}.Release|Any CPU.Build.0 = Release|Any CPU
		{45F8881C-CF9F-4106-93FE-2BE15C275AA6}.Debug|Any CPU.ActiveCfg = Debug|Any CPU
		{45F8881C-CF9F-4106-93FE-2BE15C275AA6}.Debug|Any CPU.Build.0 = Debug|Any CPU
		{45F8881C-CF9F-4106-93FE-2BE15C275AA6}.Release|Any CPU.ActiveCfg = Release|Any CPU
		{45F8881C-CF9F-4106-93FE-2BE15C275AA6}.Release|Any CPU.Build.0 = Release|Any CPU
	EndGlobalSection
	GlobalSection(SolutionProperties) = preSolution
		HideSolutionNode = FALSE
	EndGlobalSection
	GlobalSection(NestedProjects) = preSolution
		{706DEC09-A73A-4416-B461-3F9C465CF50C} = {C8B3F26C-BD58-4246-83BB-2AE3B2515E87}
		{284250D9-2AFA-48F1-9673-BA6F3B7CE0B7} = {706DEC09-A73A-4416-B461-3F9C465CF50C}
		{2ACC4DF2-02CC-4C40-907D-6F9E939B6D36} = {706DEC09-A73A-4416-B461-3F9C465CF50C}
		{A9E1600E-64B9-4A0D-84C4-689146D55748} = {02EA681E-C7D8-13C7-8484-4AC65E1B71E8}
		{897934E6-7E9C-4EC2-9E1F-0283FDF3F5AE} = {A9E1600E-64B9-4A0D-84C4-689146D55748}
		{992D1B9B-E6FC-4AF6-B1E9-6F497F032A8B} = {6D90B977-DD00-4AE3-8195-472CD6EE055D}
		{158D8574-BE07-4FD6-8DE2-8092BEFFFAA1} = {23791D1C-D5C2-4759-9F93-A3FA8F836BAD}
		{BCD19A86-B2CC-4141-B49E-2660F87A61FB} = {23791D1C-D5C2-4759-9F93-A3FA8F836BAD}
		{45F8881C-CF9F-4106-93FE-2BE15C275AA6} = {23791D1C-D5C2-4759-9F93-A3FA8F836BAD}
	EndGlobalSection
	GlobalSection(ExtensibilityGlobals) = postSolution
		SolutionGuid = {1265411E-AA9F-4E57-8203-A44AF17829AA}
	EndGlobalSection
EndGlobal
